
Microsoft Visual Studio Solution File, Format Version 12.00
# Visual Studio Version 17
VisualStudioVersion = 17.13.35913.81 d17.13
MinimumVisualStudioVersion = 10.0.40219.1
Project("{FAE04EC0-301F-11D3-BF4B-00C04F79EFBC}") = "SelinKeyik_AyseBerilAksu_MehmetcanAlptekin", "SelinKeyik_AyseBerilAksu_MehmetcanAlptekin\SelinKeyik_AyseBerilAksu_MehmetcanAlptekin.csproj", "{39FF9F52-01F1-46A3-B081-E87B9D9CDCE3}"
EndProject
Global
	GlobalSection(SolutionConfigurationPlatforms) = preSolution
		Debug|Any CPU = Debug|Any CPU
		Release|Any CPU = Release|Any CPU
	EndGlobalSection
	GlobalSection(ProjectConfigurationPlatforms) = postSolution
		{39FF9F52-01F1-46A3-B081-E87B9D9CDCE3}.Debug|Any CPU.ActiveCfg = Debug|Any CPU
		{39FF9F52-01F1-46A3-B081-E87B9D9CDCE3}.Debug|Any CPU.Build.0 = Debug|Any CPU
		{39FF9F52-01F1-46A3-B081-E87B9D9CDCE3}.Release|Any CPU.ActiveCfg = Release|Any CPU
		{39FF9F52-01F1-46A3-B081-E87B9D9CDCE3}.Release|Any CPU.Build.0 = Release|Any CPU
	EndGlobalSection
	GlobalSection(SolutionProperties) = preSolution
		HideSolutionNode = FALSE
	EndGlobalSection
	GlobalSection(ExtensibilityGlobals) = postSolution
		SolutionGuid = {69D8FC5C-8DFA-43D3-92F3-A3B49E0BB1BF}
	EndGlobalSection
EndGlobal
